
Microsoft Visual Studio Solution File, Format Version 12.00
# Visual Studio 15
VisualStudioVersion = 15.0.27428.2015
MinimumVisualStudioVersion = 10.0.40219.1
Project("{FAE04EC0-301F-11D3-BF4B-00C04F79EFBC}") = "Assignment1", "Assignment1\Assignment1.csproj", "{500D5489-C061-490D-B442-D2EA040BEC3D}"
EndProject
Global
	GlobalSection(SolutionConfigurationPlatforms) = preSolution
		Debug|Any CPU = Debug|Any CPU
		Release|Any CPU = Release|Any CPU
	EndGlobalSection
	GlobalSection(ProjectConfigurationPlatforms) = postSolution
		{500D5489-C061-490D-B442-D2EA040BEC3D}.Debug|Any CPU.ActiveCfg = Debug|Any CPU
		{500D5489-C061-490D-B442-D2EA040BEC3D}.Debug|Any CPU.Build.0 = Debug|Any CPU
		{500D5489-C061-490D-B442-D2EA040BEC3D}.Release|Any CPU.ActiveCfg = Release|Any CPU
		{500D5489-C061-490D-B442-D2EA040BEC3D}.Release|Any CPU.Build.0 = Release|Any CPU
	EndGlobalSection
	GlobalSection(SolutionProperties) = preSolution
		HideSolutionNode = FALSE
	EndGlobalSection
	GlobalSection(ExtensibilityGlobals) = postSolution
		SolutionGuid = {E8B1DA6C-DF44-455A-89C4-6ABA3B46402A}
	EndGlobalSection
EndGlobal
